version = 1
revision = 3
requires-python = ">=3.13"

[[package]]
name = "colorama"
version = "0.4.6"
source = { registry = "https://pypi.org/simple" }
sdist = { url = "https://files.pythonhosted.org/packages/d8/53/6f443c9a4a8358a93a6792e2acffb9d9d5cb0a5cfd8802644b7b1c9a02e4/colorama-0.4.6.tar.gz", hash = "sha256:08695f5cb7ed6e0531a20572697297273c47b8cae5a63ffc6d6ed5c201be6e44", size = 27697, upload-time = "2022-10-25T02:36:22.414Z" }
wheels = [
    { url = "https://files.pythonhosted.org/packages/d1/d6/3965ed04c63042e047cb6a3e6ed1a63a35087b6a609aa3a15ed8ac56c221/colorama-0.4.6-py2.py3-none-any.whl", hash = "sha256:4f1d9991f5acc0ca119f9d443620b77f9d6b33703e51011c16baf57afb285fc6", size = 25335, upload-time = "2022-10-25T02:36:20.889Z" },
]

[[package]]
name = "duckdb"
version = "1.4.1"
source = { registry = "https://pypi.org/simple" }
sdist = { url = "https://files.pythonhosted.org/packages/ea/e7/21cf50a3d52ffceee1f0bcc3997fa96a5062e6bab705baee4f6c4e33cce5/duckdb-1.4.1.tar.gz", hash = "sha256:f903882f045d057ebccad12ac69975952832edfe133697694854bb784b8d6c76", size = 18461687, upload-time = "2025-10-07T10:37:28.605Z" }
wheels = [
    { url = "https://files.pythonhosted.org/packages/d7/08/705988c33e38665c969f7876b3ca4328be578554aa7e3dc0f34158da3e64/duckdb-1.4.1-cp313-cp313-macosx_10_13_universal2.whl", hash = "sha256:46496a2518752ae0c6c5d75d4cdecf56ea23dd098746391176dd8e42cf157791", size = 29077070, upload-time = "2025-10-07T10:36:59.83Z" },
    { url = "https://files.pythonhosted.org/packages/99/c5/7c9165f1e6b9069441bcda4da1e19382d4a2357783d37ff9ae238c5c41ac/duckdb-1.4.1-cp313-cp313-macosx_10_13_x86_64.whl", hash = "sha256:1c65ae7e9b541cea07d8075343bcfebdecc29a3c0481aa6078ee63d51951cfcd", size = 16167506, upload-time = "2025-10-07T10:37:02.24Z" },
    { url = "https://files.pythonhosted.org/packages/38/46/267f4a570a0ee3ae6871ddc03435f9942884284e22a7ba9b7cb252ee69b6/duckdb-1.4.1-cp313-cp313-macosx_11_0_arm64.whl", hash = "sha256:598d1a314e34b65d9399ddd066ccce1eeab6a60a2ef5885a84ce5ed62dbaf729", size = 13762330, upload-time = "2025-10-07T10:37:04.581Z" },
    { url = "https://files.pythonhosted.org/packages/15/7b/c4f272a40c36d82df20937d93a1780eb39ab0107fe42b62cba889151eab9/duckdb-1.4.1-cp313-cp313-manylinux_2_27_aarch64.manylinux_2_28_aarch64.whl", hash = "sha256:e2f16b8def782d484a9f035fc422bb6f06941ed0054b4511ddcdc514a7fb6a75", size = 18504687, upload-time = "2025-10-07T10:37:06.991Z" },
    { url = "https://files.pythonhosted.org/packages/17/fc/9b958751f0116d7b0406406b07fa6f5a10c22d699be27826d0b896f9bf51/duckdb-1.4.1-cp313-cp313-manylinux_2_27_x86_64.manylinux_2_28_x86_64.whl", hash = "sha256:a5a7d0aed068a5c33622a8848857947cab5cfb3f2a315b1251849bac2c74c492", size = 20513823, upload-time = "2025-10-07T10:37:09.349Z" },
    { url = "https://files.pythonhosted.org/packages/30/79/4f544d73fcc0513b71296cb3ebb28a227d22e80dec27204977039b9fa875/duckdb-1.4.1-cp313-cp313-win_amd64.whl", hash = "sha256:280fd663dacdd12bb3c3bf41f3e5b2e5b95e00b88120afabb8b8befa5f335c6f", size = 12336460, upload-time = "2025-10-07T10:37:12.154Z" },
]

[[package]]
name = "note"
version = "0.2.1"
source = { editable = "." }
dependencies = [
    { name = "duckdb" },
    { name = "notedb" },
]

[package.metadata]
requires-dist = [
    { name = "duckdb" },
    { name = "notedb" },
]

[[package]]
name = "notedb"
version = "0.0.7"
source = { registry = "https://pypi.org/simple" }
dependencies = [
    { name = "tqdm" },
]
sdist = { url = "https://files.pythonhosted.org/packages/b4/2a/5ccc8c191bbd12383704fcb2f49873124307a666714df8fc535efe33a426/notedb-0.0.7.tar.gz", hash = "sha256:2a7be5ac83ef638b1d064f21f2de0c9b506ce53980866a92956dbf29c37e69ad", size = 2179, upload-time = "2022-01-11T12:56:49.657Z" }
wheels = [
    { url = "https://files.pythonhosted.org/packages/bc/06/f891eeeae3a4be140e802191d1772942c0d6334df990dfcdf7b4c85e83ac/notedb-0.0.7-py3-none-any.whl", hash = "sha256:c422afe13b31dbf53d8cbd84e82085e2f8e8628ff24aa2715165c88e08a35579", size = 3425, upload-time = "2022-01-11T12:56:46.861Z" },
]

[[package]]
name = "tqdm"
version = "4.67.1"
source = { registry = "https://pypi.org/simple" }
dependencies = [
    { name = "colorama", marker = "sys_platform == 'win32'" },
]
sdist = { url = "https://files.pythonhosted.org/packages/a8/4b/29b4ef32e036bb34e4ab51796dd745cdba7ed47ad142a9f4a1eb8e0c744d/tqdm-4.67.1.tar.gz", hash = "sha256:f8aef9c52c08c13a65f30ea34f4e5aac3fd1a34959879d7e59e63027286627f2", size = 169737, upload-time = "2024-11-24T20:12:22.481Z" }
wheels = [
    { url = "https://files.pythonhosted.org/packages/d0/30/dc54f88dd4a2b5dc8a0279bdd7270e735851848b762aeb1c1184ed1f6b14/tqdm-4.67.1-py3-none-any.whl", hash = "sha256:26445eca388f82e72884e0d580d5464cd801a3ea01e63e5601bdff9ba6a48de2", size = 78540, upload-time = "2024-11-24T20:12:19.698Z" },
]
